
Microsoft Visual Studio Solution File, Format Version 12.00
# Visual Studio Version 16
VisualStudioVersion = 16.0.30406.217
MinimumVisualStudioVersion = 10.0.40219.1
Project("{FAE04EC0-301F-11D3-BF4B-00C04F79EFBC}") = "lesson1", "lesson1\lesson1.csproj", "{97EA4008-2E65-431F-868B-93BBC106D422}"
EndProject
Project("{FAE04EC0-301F-11D3-BF4B-00C04F79EFBC}") = "TestDataTable", "TestDataTable\TestDataTable.csproj", "{46B655EA-4DC6-4FF4-AFAA-D5973C472BEF}"
EndProject
Global
	GlobalSection(SolutionConfigurationPlatforms) = preSolution
		Debug|Any CPU = Debug|Any CPU
		Release|Any CPU = Release|Any CPU
	EndGlobalSection
	GlobalSection(ProjectConfigurationPlatforms) = postSolution
		{97EA4008-2E65-431F-868B-93BBC106D422}.Debug|Any CPU.ActiveCfg = Debug|Any CPU
		{97EA4008-2E65-431F-868B-93BBC106D422}.Debug|Any CPU.Build.0 = Debug|Any CPU
		{97EA4008-2E65-431F-868B-93BBC106D422}.Release|Any CPU.ActiveCfg = Release|Any CPU
		{97EA4008-2E65-431F-868B-93BBC106D422}.Release|Any CPU.Build.0 = Release|Any CPU
		{46B655EA-4DC6-4FF4-AFAA-D5973C472BEF}.Debug|Any CPU.ActiveCfg = Debug|Any CPU
		{46B655EA-4DC6-4FF4-AFAA-D5973C472BEF}.Debug|Any CPU.Build.0 = Debug|Any CPU
		{46B655EA-4DC6-4FF4-AFAA-D5973C472BEF}.Release|Any CPU.ActiveCfg = Release|Any CPU
		{46B655EA-4DC6-4FF4-AFAA-D5973C472BEF}.Release|Any CPU.Build.0 = Release|Any CPU
	EndGlobalSection
	GlobalSection(SolutionProperties) = preSolution
		HideSolutionNode = FALSE
	EndGlobalSection
	GlobalSection(ExtensibilityGlobals) = postSolution
		SolutionGuid = {388CA82F-70F0-4D4D-975D-B3EC1714490E}
	EndGlobalSection
EndGlobal
